
Microsoft Visual Studio Solution File, Format Version 12.00
# Visual Studio Version 17
VisualStudioVersion = 17.2.32630.192
MinimumVisualStudioVersion = 10.0.40219.1
Project("{FAE04EC0-301F-11D3-BF4B-00C04F79EFBC}") = "AddressBook", "AddressBook\AddressBook.csproj", "{250927DB-0DA1-43CC-91D1-44BA6B479C0C}"
EndProject
Project("{FAE04EC0-301F-11D3-BF4B-00C04F79EFBC}") = "AddressBookTest", "AddressBookTest\AddressBookTest.csproj", "{2C0D1D64-9EE0-4299-B2FD-879424A8DF00}"
EndProject
Global
	GlobalSection(SolutionConfigurationPlatforms) = preSolution
		Debug|Any CPU = Debug|Any CPU
		Release|Any CPU = Release|Any CPU
	EndGlobalSection
	GlobalSection(ProjectConfigurationPlatforms) = postSolution
		{250927DB-0DA1-43CC-91D1-44BA6B479C0C}.Debug|Any CPU.ActiveCfg = Debug|Any CPU
		{250927DB-0DA1-43CC-91D1-44BA6B479C0C}.Debug|Any CPU.Build.0 = Debug|Any CPU
		{250927DB-0DA1-43CC-91D1-44BA6B479C0C}.Release|Any CPU.ActiveCfg = Release|Any CPU
		{250927DB-0DA1-43CC-91D1-44BA6B479C0C}.Release|Any CPU.Build.0 = Release|Any CPU
		{2C0D1D64-9EE0-4299-B2FD-879424A8DF00}.Debug|Any CPU.ActiveCfg = Debug|Any CPU
		{2C0D1D64-9EE0-4299-B2FD-879424A8DF00}.Debug|Any CPU.Build.0 = Debug|Any CPU
		{2C0D1D64-9EE0-4299-B2FD-879424A8DF00}.Release|Any CPU.ActiveCfg = Release|Any CPU
		{2C0D1D64-9EE0-4299-B2FD-879424A8DF00}.Release|Any CPU.Build.0 = Release|Any CPU
	EndGlobalSection
	GlobalSection(SolutionProperties) = preSolution
		HideSolutionNode = FALSE
	EndGlobalSection
	GlobalSection(ExtensibilityGlobals) = postSolution
		SolutionGuid = {8E14FF9E-578B-43AA-8C38-E214650777BC}
	EndGlobalSection
EndGlobal
